lockfileVersion: '9.0'

settings:
  autoInstallPeers: true
  excludeLinksFromLockfile: false

catalogs:
  default:
    cross-env:
      specifier: 5.0.5
      version: 5.0.5

importers:

  .:
    devDependencies:
      typescript:
        specifier: latest
        version: 5.8.3

  shared/workspace-c:
    dependencies:
      cross-env:
        specifier: 'catalog:'
        version: 5.0.5
      foo-a:
        specifier: 'workspace:'
        version: link:../../utils/foos/foo-a

  shared/workspace-d:
    dependencies:
      workspace-c:
        specifier: 'workspace:'
        version: link:../workspace-c

  utils/foos/foo-a:
    dependencies:
      foo-b:
        specifier: 'workspace:'
        version: link:../foo-b

  utils/foos/foo-b: {}

  workspace-a:
    dependencies:
      workspace-b:
        specifier: 'workspace:'
        version: link:../workspace-b
    devDependencies:
      foo-a:
        specifier: 'workspace:'
        version: link:../utils/foos/foo-a

  workspace-b:
    dependencies:
      cross-env:
        specifier: 'catalog:'
        version: 5.0.5
    devDependencies:
      foo-b:
        specifier: 'workspace:'
        version: link:../utils/foos/foo-b

packages:

  cross-env@5.0.5:
    resolution: {integrity: sha512-pSnNZd+WdVzjhuvHoX5lF+w0fci4yLcwSBA2bF/KnS8U0PkgkAaHs8kOC07ctdLMRk7I76bOAaSnAwXViKUZNA==}
    engines: {node: '>=4.0'}
    hasBin: true

  cross-spawn@5.1.0:
    resolution: {integrity: sha512-pTgQJ5KC0d2hcY8eyL1IzlBPYjTkyH72XRZPnLyKus2mBfNjQs3klqbJU2VILqZryAZUt9JOb3h/mWMy23/f5A==}

  is-windows@1.0.2:
    resolution: {integrity: sha512-eXK1UInq2bPmjyX6e3VHIzMLobc4J94i4AWn+Hpq3OU5KkrRC96OAcR3PRJ/pGu6m8TRnBHP9dkXQVsT/COVIA==}
    engines: {node: '>=0.10.0'}

  isexe@2.0.0:
    resolution: {integrity: sha512-RHxMLp9lnKHGHRng9QFhRCMbYAcVpn69smSGcq3f36xjgVVWThj4qqLbTLlq7Ssj8B+fIQ1EuCEGI2lKsyQeIw==}

  lru-cache@4.1.5:
    resolution: {integrity: sha512-sWZlbEP2OsHNkXrMl5GYk/jKk70MBng6UU4YI/qGDYbgf6YbP4EvmqISbXCoJiRKs+1bSpFHVgQxvJ17F2li5g==}

  pseudomap@1.0.2:
    resolution: {integrity: sha512-b/YwNhb8lk1Zz2+bXXpS/LK9OisiZZ1SNsSLxN1x2OXVEhW2Ckr/7mWE5vrC1ZTiJlD9g19jWszTmJsB+oEpFQ==}

  shebang-command@1.2.0:
    resolution: {integrity: sha512-EV3L1+UQWGor21OmnvojK36mhg+TyIKDh3iFBKBohr5xeXIhNBcx8oWdgkTEEQ+BEFFYdLRuqMfd5L84N1V5Vg==}
    engines: {node: '>=0.10.0'}

  shebang-regex@1.0.0:
    resolution: {integrity: sha512-wpoSFAxys6b2a2wHZ1XpDSgD7N9iVjg29Ph9uV/uaP9Ex/KXlkTZTeddxDPSYQpgvzKLGJke2UU0AzoGCjNIvQ==}
    engines: {node: '>=0.10.0'}

  typescript@5.8.3:
    resolution: {integrity: sha512-p1diW6TqL9L07nNxvRMM7hMMw4c5XOo/1ibL4aAIGmSAt9slTE1Xgw5KWuof2uTOvCg9BY7ZRi+GaF+7sfgPeQ==}
    engines: {node: '>=14.17'}
    hasBin: true

  which@1.3.1:
    resolution: {integrity: sha512-HxJdYWq1MTIQbJ3nw0cqssHoTNU267KlrDuGZ1WYlxDStUtKUhOaJmh112/TZmHxxUfuJqPXSOm7tDyas0OSIQ==}
    hasBin: true

  yallist@2.1.2:
    resolution: {integrity: sha512-ncTzHV7NvsQZkYe1DW7cbDLm0YpzHmZF5r/iyP3ZnQtMiJ+pjzisCiMNI+Sj+xQF5pXhSHxSB3uDbsBTzY/c2A==}

snapshots:

  cross-env@5.0.5:
    dependencies:
      cross-spawn: 5.1.0
      is-windows: 1.0.2

  cross-spawn@5.1.0:
    dependencies:
      lru-cache: 4.1.5
      shebang-command: 1.2.0
      which: 1.3.1

  is-windows@1.0.2: {}

  isexe@2.0.0: {}

  lru-cache@4.1.5:
    dependencies:
      pseudomap: 1.0.2
      yallist: 2.1.2

  pseudomap@1.0.2: {}

  shebang-command@1.2.0:
    dependencies:
      shebang-regex: 1.0.0

  shebang-regex@1.0.0: {}

  typescript@5.8.3: {}

  which@1.3.1:
    dependencies:
      isexe: 2.0.0

  yallist@2.1.2: {}
